
Microsoft Visual Studio Solution File, Format Version 12.00
# Visual Studio 15
VisualStudioVersion = 15.0.26403.3
MinimumVisualStudioVersion = 10.0.40219.1
Project("{2150E333-8FDC-42A3-9474-1A3956D46DE8}") = "Core", "Core", "{78C8EB29-9104-4F04-95FD-3589E0221E32}"
EndProject
Project("{FAE04EC0-301F-11D3-BF4B-00C04F79EFBC}") = "MVVMCrud.Core", "MVVMCrud.Core\MVVMCrud.Core.csproj", "{810FE6A2-9A38-455D-B3D8-F23AD18C639E}"
EndProject
Project("{2150E333-8FDC-42A3-9474-1A3956D46DE8}") = "Data", "Data", "{118AC844-9810-4408-A4C7-9F082EA84445}"
EndProject
Project("{FAE04EC0-301F-11D3-BF4B-00C04F79EFBC}") = "MVVMCrud.Data.EF", "MVVMCrud.Data.EF\MVVMCrud.Data.EF.csproj", "{835E506E-1663-4239-8CC6-485001E53583}"
EndProject
Project("{2150E333-8FDC-42A3-9474-1A3956D46DE8}") = "UI", "UI", "{1DB17AC8-A088-44E2-903E-5FE2188F3AF3}"
EndProject
Global
	GlobalSection(SolutionConfigurationPlatforms) = preSolution
		Debug|Any CPU = Debug|Any CPU
		Release|Any CPU = Release|Any CPU
	EndGlobalSection
	GlobalSection(ProjectConfigurationPlatforms) = postSolution
		{810FE6A2-9A38-455D-B3D8-F23AD18C639E}.Debug|Any CPU.ActiveCfg = Debug|Any CPU
		{810FE6A2-9A38-455D-B3D8-F23AD18C639E}.Debug|Any CPU.Build.0 = Debug|Any CPU
		{810FE6A2-9A38-455D-B3D8-F23AD18C639E}.Release|Any CPU.ActiveCfg = Release|Any CPU
		{810FE6A2-9A38-455D-B3D8-F23AD18C639E}.Release|Any CPU.Build.0 = Release|Any CPU
		{835E506E-1663-4239-8CC6-485001E53583}.Debug|Any CPU.ActiveCfg = Debug|Any CPU
		{835E506E-1663-4239-8CC6-485001E53583}.Debug|Any CPU.Build.0 = Debug|Any CPU
		{835E506E-1663-4239-8CC6-485001E53583}.Release|Any CPU.ActiveCfg = Release|Any CPU
		{835E506E-1663-4239-8CC6-485001E53583}.Release|Any CPU.Build.0 = Release|Any CPU
	EndGlobalSection
	GlobalSection(SolutionProperties) = preSolution
		HideSolutionNode = FALSE
	EndGlobalSection
	GlobalSection(NestedProjects) = preSolution
		{810FE6A2-9A38-455D-B3D8-F23AD18C639E} = {78C8EB29-9104-4F04-95FD-3589E0221E32}
		{835E506E-1663-4239-8CC6-485001E53583} = {118AC844-9810-4408-A4C7-9F082EA84445}
	EndGlobalSection
EndGlobal
